
Microsoft Visual Studio Solution File, Format Version 12.00
# Visual Studio Version 17
VisualStudioVersion = 17.6.33829.357
MinimumVisualStudioVersion = 10.0.40219.1
Project("{FAE04EC0-301F-11D3-BF4B-00C04F79EFBC}") = "Prkn.Common", "Parkon.Common\Prkn.Common.csproj", "{CFD04C4A-89D0-4533-B9FC-8F82B8556338}"
EndProject
Project("{FAE04EC0-301F-11D3-BF4B-00C04F79EFBC}") = "Prkn.Bll", "Parkon.Bll\Prkn.Bll.csproj", "{E7CDE00B-1F81-4358-A356-C24EAADA433A}"
EndProject
Project("{FAE04EC0-301F-11D3-BF4B-00C04F79EFBC}") = "Prkn.Data.Local", "Parkon.Data.Local\Prkn.Data.Local.csproj", "{A2F1B6E6-7809-43B5-9C82-69F9C90012B9}"
EndProject
Project("{FAE04EC0-301F-11D3-BF4B-00C04F79EFBC}") = "Prkn.Data.Master", "Parkon.Data.Master\Prkn.Data.Master.csproj", "{5E74D96B-C882-4130-BC2D-BDD016DE793E}"
EndProject
Project("{FAE04EC0-301F-11D3-BF4B-00C04F79EFBC}") = "Prkn.Dal", "Parkon.Dal\Prkn.Dal.csproj", "{18910350-5EF3-4CC1-ADBD-BBCB2BE86579}"
EndProject
Project("{FAE04EC0-301F-11D3-BF4B-00C04F79EFBC}") = "Prkn.UI.Web", "Parkon.UI.Web\Prkn.UI.Web.csproj", "{5E835A6D-FA54-4903-AD0F-D5949F69CEAC}"
EndProject
Project("{FAE04EC0-301F-11D3-BF4B-00C04F79EFBC}") = "Prkn.UI.Win", "Parkon.UI.Win\Prkn.UI.Win.csproj", "{FA18FBE8-F38A-4476-9BD6-2FB6BB7F3C65}"
EndProject
Project("{FAE04EC0-301F-11D3-BF4B-00C04F79EFBC}") = "Prkn.Model", "Parkon.Model\Prkn.Model.csproj", "{11CE7698-37C4-4D76-8B7F-3E2BDE7BDC60}"
EndProject
Global
	GlobalSection(SolutionConfigurationPlatforms) = preSolution
		Ad-Hoc|Any CPU = Ad-Hoc|Any CPU
		Ad-Hoc|ARM = Ad-Hoc|ARM
		Ad-Hoc|iPhone = Ad-Hoc|iPhone
		Ad-Hoc|iPhoneSimulator = Ad-Hoc|iPhoneSimulator
		Ad-Hoc|x64 = Ad-Hoc|x64
		Ad-Hoc|x86 = Ad-Hoc|x86
		AppStore|Any CPU = AppStore|Any CPU
		AppStore|ARM = AppStore|ARM
		AppStore|iPhone = AppStore|iPhone
		AppStore|iPhoneSimulator = AppStore|iPhoneSimulator
		AppStore|x64 = AppStore|x64
		AppStore|x86 = AppStore|x86
		Debug|Any CPU = Debug|Any CPU
		Debug|ARM = Debug|ARM
		Debug|iPhone = Debug|iPhone
		Debug|iPhoneSimulator = Debug|iPhoneSimulator
		Debug|x64 = Debug|x64
		Debug|x86 = Debug|x86
		Release|Any CPU = Release|Any CPU
		Release|ARM = Release|ARM
		Release|iPhone = Release|iPhone
		Release|iPhoneSimulator = Release|iPhoneSimulator
		Release|x64 = Release|x64
		Release|x86 = Release|x86
	EndGlobalSection
	GlobalSection(ProjectConfigurationPlatforms) = postSolution
		{CFD04C4A-89D0-4533-B9FC-8F82B8556338}.Ad-Hoc|Any CPU.ActiveCfg = Release|Any CPU
		{CFD04C4A-89D0-4533-B9FC-8F82B8556338}.Ad-Hoc|Any CPU.Build.0 = Release|Any CPU
		{CFD04C4A-89D0-4533-B9FC-8F82B8556338}.Ad-Hoc|ARM.ActiveCfg = Release|Any CPU
		{CFD04C4A-89D0-4533-B9FC-8F82B8556338}.Ad-Hoc|ARM.Build.0 = Release|Any CPU
		{CFD04C4A-89D0-4533-B9FC-8F82B8556338}.Ad-Hoc|iPhone.ActiveCfg = Release|Any CPU
		{CFD04C4A-89D0-4533-B9FC-8F82B8556338}.Ad-Hoc|iPhone.Build.0 = Release|Any CPU
		{CFD04C4A-89D0-4533-B9FC-8F82B8556338}.Ad-Hoc|iPhoneSimulator.ActiveCfg = Release|Any CPU
		{CFD04C4A-89D0-4533-B9FC-8F82B8556338}.Ad-Hoc|iPhoneSimulator.Build.0 = Release|Any CPU
		{CFD04C4A-89D0-4533-B9FC-8F82B8556338}.Ad-Hoc|x64.ActiveCfg = Release|Any CPU
		{CFD04C4A-89D0-4533-B9FC-8F82B8556338}.Ad-Hoc|x64.Build.0 = Release|Any CPU
		{CFD04C4A-89D0-4533-B9FC-8F82B8556338}.Ad-Hoc|x86.ActiveCfg = Release|Any CPU
		{CFD04C4A-89D0-4533-B9FC-8F82B8556338}.Ad-Hoc|x86.Build.0 = Release|Any CPU
		{CFD04C4A-89D0-4533-B9FC-8F82B8556338}.AppStore|Any CPU.ActiveCfg = Release|Any CPU
		{CFD04C4A-89D0-4533-B9FC-8F82B8556338}.AppStore|Any CPU.Build.0 = Release|Any CPU
		{CFD04C4A-89D0-4533-B9FC-8F82B8556338}.AppStore|ARM.ActiveCfg = Release|Any CPU
		{CFD04C4A-89D0-4533-B9FC-8F82B8556338}.AppStore|ARM.Build.0 = Release|Any CPU
		{CFD04C4A-89D0-4533-B9FC-8F82B8556338}.AppStore|iPhone.ActiveCfg = Release|Any CPU
		{CFD04C4A-89D0-4533-B9FC-8F82B8556338}.AppStore|iPhone.Build.0 = Release|Any CPU
		{CFD04C4A-89D0-4533-B9FC-8F82B8556338}.AppStore|iPhoneSimulator.ActiveCfg = Release|Any CPU
		{CFD04C4A-89D0-4533-B9FC-8F82B8556338}.AppStore|iPhoneSimulator.Build.0 = Release|Any CPU
		{CFD04C4A-89D0-4533-B9FC-8F82B8556338}.AppStore|x64.ActiveCfg = Release|Any CPU
		{CFD04C4A-89D0-4533-B9FC-8F82B8556338}.AppStore|x64.Build.0 = Release|Any CPU
		{CFD04C4A-89D0-4533-B9FC-8F82B8556338}.AppStore|x86.ActiveCfg = Release|Any CPU
		{CFD04C4A-89D0-4533-B9FC-8F82B8556338}.AppStore|x86.Build.0 = Release|Any CPU
		{CFD04C4A-89D0-4533-B9FC-8F82B8556338}.Debug|Any CPU.ActiveCfg = Debug|Any CPU
		{CFD04C4A-89D0-4533-B9FC-8F82B8556338}.Debug|Any CPU.Build.0 = Debug|Any CPU
		{CFD04C4A-89D0-4533-B9FC-8F82B8556338}.Debug|ARM.ActiveCfg = Debug|Any CPU
		{CFD04C4A-89D0-4533-B9FC-8F82B8556338}.Debug|ARM.Build.0 = Debug|Any CPU
		{CFD04C4A-89D0-4533-B9FC-8F82B8556338}.Debug|iPhone.ActiveCfg = Debug|Any CPU
		{CFD04C4A-89D0-4533-B9FC-8F82B8556338}.Debug|iPhone.Build.0 = Debug|Any CPU
		{CFD04C4A-89D0-4533-B9FC-8F82B8556338}.Debug|iPhoneSimulator.ActiveCfg = Debug|Any CPU
		{CFD04C4A-89D0-4533-B9FC-8F82B8556338}.Debug|iPhoneSimulator.Build.0 = Debug|Any CPU
		{CFD04C4A-89D0-4533-B9FC-8F82B8556338}.Debug|x64.ActiveCfg = Debug|Any CPU
		{CFD04C4A-89D0-4533-B9FC-8F82B8556338}.Debug|x64.Build.0 = Debug|Any CPU
		{CFD04C4A-89D0-4533-B9FC-8F82B8556338}.Debug|x86.ActiveCfg = Debug|Any CPU
		{CFD04C4A-89D0-4533-B9FC-8F82B8556338}.Debug|x86.Build.0 = Debug|Any CPU
		{CFD04C4A-89D0-4533-B9FC-8F82B8556338}.Release|Any CPU.ActiveCfg = Release|Any CPU
		{CFD04C4A-89D0-4533-B9FC-8F82B8556338}.Release|Any CPU.Build.0 = Release|Any CPU
		{CFD04C4A-89D0-4533-B9FC-8F82B8556338}.Release|ARM.ActiveCfg = Release|Any CPU
		{CFD04C4A-89D0-4533-B9FC-8F82B8556338}.Release|ARM.Build.0 = Release|Any CPU
		{CFD04C4A-89D0-4533-B9FC-8F82B8556338}.Release|iPhone.ActiveCfg = Release|Any CPU
		{CFD04C4A-89D0-4533-B9FC-8F82B8556338}.Release|iPhone.Build.0 = Release|Any CPU
		{CFD04C4A-89D0-4533-B9FC-8F82B8556338}.Release|iPhoneSimulator.ActiveCfg = Release|Any CPU
		{CFD04C4A-89D0-4533-B9FC-8F82B8556338}.Release|iPhoneSimulator.Build.0 = Release|Any CPU
		{CFD04C4A-89D0-4533-B9FC-8F82B8556338}.Release|x64.ActiveCfg = Release|Any CPU
		{CFD04C4A-89D0-4533-B9FC-8F82B8556338}.Release|x64.Build.0 = Release|Any CPU
		{CFD04C4A-89D0-4533-B9FC-8F82B8556338}.Release|x86.ActiveCfg = Release|Any CPU
		{CFD04C4A-89D0-4533-B9FC-8F82B8556338}.Release|x86.Build.0 = Release|Any CPU
		{E7CDE00B-1F81-4358-A356-C24EAADA433A}.Ad-Hoc|Any CPU.ActiveCfg = Release|Any CPU
		{E7CDE00B-1F81-4358-A356-C24EAADA433A}.Ad-Hoc|Any CPU.Build.0 = Release|Any CPU
		{E7CDE00B-1F81-4358-A356-C24EAADA433A}.Ad-Hoc|ARM.ActiveCfg = Release|Any CPU
		{E7CDE00B-1F81-4358-A356-C24EAADA433A}.Ad-Hoc|ARM.Build.0 = Release|Any CPU
		{E7CDE00B-1F81-4358-A356-C24EAADA433A}.Ad-Hoc|iPhone.ActiveCfg = Release|Any CPU
		{E7CDE00B-1F81-4358-A356-C24EAADA433A}.Ad-Hoc|iPhone.Build.0 = Release|Any CPU
		{E7CDE00B-1F81-4358-A356-C24EAADA433A}.Ad-Hoc|iPhoneSimulator.ActiveCfg = Release|Any CPU
		{E7CDE00B-1F81-4358-A356-C24EAADA433A}.Ad-Hoc|iPhoneSimulator.Build.0 = Release|Any CPU
		{E7CDE00B-1F81-4358-A356-C24EAADA433A}.Ad-Hoc|x64.ActiveCfg = Release|Any CPU
		{E7CDE00B-1F81-4358-A356-C24EAADA433A}.Ad-Hoc|x64.Build.0 = Release|Any CPU
		{E7CDE00B-1F81-4358-A356-C24EAADA433A}.Ad-Hoc|x86.ActiveCfg = Release|Any CPU
		{E7CDE00B-1F81-4358-A356-C24EAADA433A}.Ad-Hoc|x86.Build.0 = Release|Any CPU
		{E7CDE00B-1F81-4358-A356-C24EAADA433A}.AppStore|Any CPU.ActiveCfg = Release|Any CPU
		{E7CDE00B-1F81-4358-A356-C24EAADA433A}.AppStore|Any CPU.Build.0 = Release|Any CPU
		{E7CDE00B-1F81-4358-A356-C24EAADA433A}.AppStore|ARM.ActiveCfg = Release|Any CPU
		{E7CDE00B-1F81-4358-A356-C24EAADA433A}.AppStore|ARM.Build.0 = Release|Any CPU
		{E7CDE00B-1F81-4358-A356-C24EAADA433A}.AppStore|iPhone.ActiveCfg = Release|Any CPU
		{E7CDE00B-1F81-4358-A356-C24EAADA433A}.AppStore|iPhone.Build.0 = Release|Any CPU
		{E7CDE00B-1F81-4358-A356-C24EAADA433A}.AppStore|iPhoneSimulator.ActiveCfg = Release|Any CPU
		{E7CDE00B-1F81-4358-A356-C24EAADA433A}.AppStore|iPhoneSimulator.Build.0 = Release|Any CPU
		{E7CDE00B-1F81-4358-A356-C24EAADA433A}.AppStore|x64.ActiveCfg = Release|Any CPU
		{E7CDE00B-1F81-4358-A356-C24EAADA433A}.AppStore|x64.Build.0 = Release|Any CPU
		{E7CDE00B-1F81-4358-A356-C24EAADA433A}.AppStore|x86.ActiveCfg = Release|Any CPU
		{E7CDE00B-1F81-4358-A356-C24EAADA433A}.AppStore|x86.Build.0 = Release|Any CPU
		{E7CDE00B-1F81-4358-A356-C24EAADA433A}.Debug|Any CPU.ActiveCfg = Debug|Any CPU
		{E7CDE00B-1F81-4358-A356-C24EAADA433A}.Debug|Any CPU.Build.0 = Debug|Any CPU
		{E7CDE00B-1F81-4358-A356-C24EAADA433A}.Debug|ARM.ActiveCfg = Debug|Any CPU
		{E7CDE00B-1F81-4358-A356-C24EAADA433A}.Debug|ARM.Build.0 = Debug|Any CPU
		{E7CDE00B-1F81-4358-A356-C24EAADA433A}.Debug|iPhone.ActiveCfg = Debug|Any CPU
		{E7CDE00B-1F81-4358-A356-C24EAADA433A}.Debug|iPhone.Build.0 = Debug|Any CPU
		{E7CDE00B-1F81-4358-A356-C24EAADA433A}.Debug|iPhoneSimulator.ActiveCfg = Debug|Any CPU
		{E7CDE00B-1F81-4358-A356-C24EAADA433A}.Debug|iPhoneSimulator.Build.0 = Debug|Any CPU
		{E7CDE00B-1F81-4358-A356-C24EAADA433A}.Debug|x64.ActiveCfg = Debug|Any CPU
		{E7CDE00B-1F81-4358-A356-C24EAADA433A}.Debug|x64.Build.0 = Debug|Any CPU
		{E7CDE00B-1F81-4358-A356-C24EAADA433A}.Debug|x86.ActiveCfg = Debug|Any CPU
		{E7CDE00B-1F81-4358-A356-C24EAADA433A}.Debug|x86.Build.0 = Debug|Any CPU
		{E7CDE00B-1F81-4358-A356-C24EAADA433A}.Release|Any CPU.ActiveCfg = Release|Any CPU
		{E7CDE00B-1F81-4358-A356-C24EAADA433A}.Release|Any CPU.Build.0 = Release|Any CPU
		{E7CDE00B-1F81-4358-A356-C24EAADA433A}.Release|ARM.ActiveCfg = Release|Any CPU
		{E7CDE00B-1F81-4358-A356-C24EAADA433A}.Release|ARM.Build.0 = Release|Any CPU
		{E7CDE00B-1F81-4358-A356-C24EAADA433A}.Release|iPhone.ActiveCfg = Release|Any CPU
		{E7CDE00B-1F81-4358-A356-C24EAADA433A}.Release|iPhone.Build.0 = Release|Any CPU
		{E7CDE00B-1F81-4358-A356-C24EAADA433A}.Release|iPhoneSimulator.ActiveCfg = Release|Any CPU
		{E7CDE00B-1F81-4358-A356-C24EAADA433A}.Release|iPhoneSimulator.Build.0 = Release|Any CPU
		{E7CDE00B-1F81-4358-A356-C24EAADA433A}.Release|x64.ActiveCfg = Release|Any CPU
		{E7CDE00B-1F81-4358-A356-C24EAADA433A}.Release|x64.Build.0 = Release|Any CPU
		{E7CDE00B-1F81-4358-A356-C24EAADA433A}.Release|x86.ActiveCfg = Release|Any CPU
		{E7CDE00B-1F81-4358-A356-C24EAADA433A}.Release|x86.Build.0 = Release|Any CPU
		{A2F1B6E6-7809-43B5-9C82-69F9C90012B9}.Ad-Hoc|Any CPU.ActiveCfg = Release|Any CPU
		{A2F1B6E6-7809-43B5-9C82-69F9C90012B9}.Ad-Hoc|Any CPU.Build.0 = Release|Any CPU
		{A2F1B6E6-7809-43B5-9C82-69F9C90012B9}.Ad-Hoc|ARM.ActiveCfg = Release|Any CPU
		{A2F1B6E6-7809-43B5-9C82-69F9C90012B9}.Ad-Hoc|ARM.Build.0 = Release|Any CPU
		{A2F1B6E6-7809-43B5-9C82-69F9C90012B9}.Ad-Hoc|iPhone.ActiveCfg = Release|Any CPU
		{A2F1B6E6-7809-43B5-9C82-69F9C90012B9}.Ad-Hoc|iPhone.Build.0 = Release|Any CPU
		{A2F1B6E6-7809-43B5-9C82-69F9C90012B9}.Ad-Hoc|iPhoneSimulator.ActiveCfg = Release|Any CPU
		{A2F1B6E6-7809-43B5-9C82-69F9C90012B9}.Ad-Hoc|iPhoneSimulator.Build.0 = Release|Any CPU
		{A2F1B6E6-7809-43B5-9C82-69F9C90012B9}.Ad-Hoc|x64.ActiveCfg = Release|Any CPU
		{A2F1B6E6-7809-43B5-9C82-69F9C90012B9}.Ad-Hoc|x64.Build.0 = Release|Any CPU
		{A2F1B6E6-7809-43B5-9C82-69F9C90012B9}.Ad-Hoc|x86.ActiveCfg = Release|Any CPU
		{A2F1B6E6-7809-43B5-9C82-69F9C90012B9}.Ad-Hoc|x86.Build.0 = Release|Any CPU
		{A2F1B6E6-7809-43B5-9C82-69F9C90012B9}.AppStore|Any CPU.ActiveCfg = Release|Any CPU
		{A2F1B6E6-7809-43B5-9C82-69F9C90012B9}.AppStore|Any CPU.Build.0 = Release|Any CPU
		{A2F1B6E6-7809-43B5-9C82-69F9C90012B9}.AppStore|ARM.ActiveCfg = Release|Any CPU
		{A2F1B6E6-7809-43B5-9C82-69F9C90012B9}.AppStore|ARM.Build.0 = Release|Any CPU
		{A2F1B6E6-7809-43B5-9C82-69F9C90012B9}.AppStore|iPhone.ActiveCfg = Release|Any CPU
		{A2F1B6E6-7809-43B5-9C82-69F9C90012B9}.AppStore|iPhone.Build.0 = Release|Any CPU
		{A2F1B6E6-7809-43B5-9C82-69F9C90012B9}.AppStore|iPhoneSimulator.ActiveCfg = Release|Any CPU
		{A2F1B6E6-7809-43B5-9C82-69F9C90012B9}.AppStore|iPhoneSimulator.Build.0 = Release|Any CPU
		{A2F1B6E6-7809-43B5-9C82-69F9C90012B9}.AppStore|x64.ActiveCfg = Release|Any CPU
		{A2F1B6E6-7809-43B5-9C82-69F9C90012B9}.AppStore|x64.Build.0 = Release|Any CPU
		{A2F1B6E6-7809-43B5-9C82-69F9C90012B9}.AppStore|x86.ActiveCfg = Release|Any CPU
		{A2F1B6E6-7809-43B5-9C82-69F9C90012B9}.AppStore|x86.Build.0 = Release|Any CPU
		{A2F1B6E6-7809-43B5-9C82-69F9C90012B9}.Debug|Any CPU.ActiveCfg = Debug|Any CPU
		{A2F1B6E6-7809-43B5-9C82-69F9C90012B9}.Debug|Any CPU.Build.0 = Debug|Any CPU
		{A2F1B6E6-7809-43B5-9C82-69F9C90012B9}.Debug|ARM.ActiveCfg = Debug|Any CPU
		{A2F1B6E6-7809-43B5-9C82-69F9C90012B9}.Debug|ARM.Build.0 = Debug|Any CPU
		{A2F1B6E6-7809-43B5-9C82-69F9C90012B9}.Debug|iPhone.ActiveCfg = Debug|Any CPU
		{A2F1B6E6-7809-43B5-9C82-69F9C90012B9}.Debug|iPhone.Build.0 = Debug|Any CPU
		{A2F1B6E6-7809-43B5-9C82-69F9C90012B9}.Debug|iPhoneSimulator.ActiveCfg = Debug|Any CPU
		{A2F1B6E6-7809-43B5-9C82-69F9C90012B9}.Debug|iPhoneSimulator.Build.0 = Debug|Any CPU
		{A2F1B6E6-7809-43B5-9C82-69F9C90012B9}.Debug|x64.ActiveCfg = Debug|Any CPU
		{A2F1B6E6-7809-43B5-9C82-69F9C90012B9}.Debug|x64.Build.0 = Debug|Any CPU
		{A2F1B6E6-7809-43B5-9C82-69F9C90012B9}.Debug|x86.ActiveCfg = Debug|Any CPU
		{A2F1B6E6-7809-43B5-9C82-69F9C90012B9}.Debug|x86.Build.0 = Debug|Any CPU
		{A2F1B6E6-7809-43B5-9C82-69F9C90012B9}.Release|Any CPU.ActiveCfg = Release|Any CPU
		{A2F1B6E6-7809-43B5-9C82-69F9C90012B9}.Release|Any CPU.Build.0 = Release|Any CPU
		{A2F1B6E6-7809-43B5-9C82-69F9C90012B9}.Release|ARM.ActiveCfg = Release|Any CPU
		{A2F1B6E6-7809-43B5-9C82-69F9C90012B9}.Release|ARM.Build.0 = Release|Any CPU
		{A2F1B6E6-7809-43B5-9C82-69F9C90012B9}.Release|iPhone.ActiveCfg = Release|Any CPU
		{A2F1B6E6-7809-43B5-9C82-69F9C90012B9}.Release|iPhone.Build.0 = Release|Any CPU
		{A2F1B6E6-7809-43B5-9C82-69F9C90012B9}.Release|iPhoneSimulator.ActiveCfg = Release|Any CPU
		{A2F1B6E6-7809-43B5-9C82-69F9C90012B9}.Release|iPhoneSimulator.Build.0 = Release|Any CPU
		{A2F1B6E6-7809-43B5-9C82-69F9C90012B9}.Release|x64.ActiveCfg = Release|Any CPU
		{A2F1B6E6-7809-43B5-9C82-69F9C90012B9}.Release|x64.Build.0 = Release|Any CPU
		{A2F1B6E6-7809-43B5-9C82-69F9C90012B9}.Release|x86.ActiveCfg = Release|Any CPU
		{A2F1B6E6-7809-43B5-9C82-69F9C90012B9}.Release|x86.Build.0 = Release|Any CPU
		{5E74D96B-C882-4130-BC2D-BDD016DE793E}.Ad-Hoc|Any CPU.ActiveCfg = Release|Any CPU
		{5E74D96B-C882-4130-BC2D-BDD016DE793E}.Ad-Hoc|Any CPU.Build.0 = Release|Any CPU
		{5E74D96B-C882-4130-BC2D-BDD016DE793E}.Ad-Hoc|ARM.ActiveCfg = Release|Any CPU
		{5E74D96B-C882-4130-BC2D-BDD016DE793E}.Ad-Hoc|ARM.Build.0 = Release|Any CPU
		{5E74D96B-C882-4130-BC2D-BDD016DE793E}.Ad-Hoc|iPhone.ActiveCfg = Release|Any CPU
		{5E74D96B-C882-4130-BC2D-BDD016DE793E}.Ad-Hoc|iPhone.Build.0 = Release|Any CPU
		{5E74D96B-C882-4130-BC2D-BDD016DE793E}.Ad-Hoc|iPhoneSimulator.ActiveCfg = Release|Any CPU
		{5E74D96B-C882-4130-BC2D-BDD016DE793E}.Ad-Hoc|iPhoneSimulator.Build.0 = Release|Any CPU
		{5E74D96B-C882-4130-BC2D-BDD016DE793E}.Ad-Hoc|x64.ActiveCfg = Release|Any CPU
		{5E74D96B-C882-4130-BC2D-BDD016DE793E}.Ad-Hoc|x64.Build.0 = Release|Any CPU
		{5E74D96B-C882-4130-BC2D-BDD016DE793E}.Ad-Hoc|x86.ActiveCfg = Release|Any CPU
		{5E74D96B-C882-4130-BC2D-BDD016DE793E}.Ad-Hoc|x86.Build.0 = Release|Any CPU
		{5E74D96B-C882-4130-BC2D-BDD016DE793E}.AppStore|Any CPU.ActiveCfg = Release|Any CPU
		{5E74D96B-C882-4130-BC2D-BDD016DE793E}.AppStore|Any CPU.Build.0 = Release|Any CPU
		{5E74D96B-C882-4130-BC2D-BDD016DE793E}.AppStore|ARM.ActiveCfg = Release|Any CPU
		{5E74D96B-C882-4130-BC2D-BDD016DE793E}.AppStore|ARM.Build.0 = Release|Any CPU
		{5E74D96B-C882-4130-BC2D-BDD016DE793E}.AppStore|iPhone.ActiveCfg = Release|Any CPU
		{5E74D96B-C882-4130-BC2D-BDD016DE793E}.AppStore|iPhone.Build.0 = Release|Any CPU
		{5E74D96B-C882-4130-BC2D-BDD016DE793E}.AppStore|iPhoneSimulator.ActiveCfg = Release|Any CPU
		{5E74D96B-C882-4130-BC2D-BDD016DE793E}.AppStore|iPhoneSimulator.Build.0 = Release|Any CPU
		{5E74D96B-C882-4130-BC2D-BDD016DE793E}.AppStore|x64.ActiveCfg = Release|Any CPU
		{5E74D96B-C882-4130-BC2D-BDD016DE793E}.AppStore|x64.Build.0 = Release|Any CPU
		{5E74D96B-C882-4130-BC2D-BDD016DE793E}.AppStore|x86.ActiveCfg = Release|Any CPU
		{5E74D96B-C882-4130-BC2D-BDD016DE793E}.AppStore|x86.Build.0 = Release|Any CPU
		{5E74D96B-C882-4130-BC2D-BDD016DE793E}.Debug|Any CPU.ActiveCfg = Debug|Any CPU
		{5E74D96B-C882-4130-BC2D-BDD016DE793E}.Debug|Any CPU.Build.0 = Debug|Any CPU
		{5E74D96B-C882-4130-BC2D-BDD016DE793E}.Debug|ARM.ActiveCfg = Debug|Any CPU
		{5E74D96B-C882-4130-BC2D-BDD016DE793E}.Debug|ARM.Build.0 = Debug|Any CPU
		{5E74D96B-C882-4130-BC2D-BDD016DE793E}.Debug|iPhone.ActiveCfg = Debug|Any CPU
		{5E74D96B-C882-4130-BC2D-BDD016DE793E}.Debug|iPhone.Build.0 = Debug|Any CPU
		{5E74D96B-C882-4130-BC2D-BDD016DE793E}.Debug|iPhoneSimulator.ActiveCfg = Debug|Any CPU
		{5E74D96B-C882-4130-BC2D-BDD016DE793E}.Debug|iPhoneSimulator.Build.0 = Debug|Any CPU
		{5E74D96B-C882-4130-BC2D-BDD016DE793E}.Debug|x64.ActiveCfg = Debug|Any CPU
		{5E74D96B-C882-4130-BC2D-BDD016DE793E}.Debug|x64.Build.0 = Debug|Any CPU
		{5E74D96B-C882-4130-BC2D-BDD016DE793E}.Debug|x86.ActiveCfg = Debug|Any CPU
		{5E74D96B-C882-4130-BC2D-BDD016DE793E}.Debug|x86.Build.0 = Debug|Any CPU
		{5E74D96B-C882-4130-BC2D-BDD016DE793E}.Release|Any CPU.ActiveCfg = Release|Any CPU
		{5E74D96B-C882-4130-BC2D-BDD016DE793E}.Release|Any CPU.Build.0 = Release|Any CPU
		{5E74D96B-C882-4130-BC2D-BDD016DE793E}.Release|ARM.ActiveCfg = Release|Any CPU
		{5E74D96B-C882-4130-BC2D-BDD016DE793E}.Release|ARM.Build.0 = Release|Any CPU
		{5E74D96B-C882-4130-BC2D-BDD016DE793E}.Release|iPhone.ActiveCfg = Release|Any CPU
		{5E74D96B-C882-4130-BC2D-BDD016DE793E}.Release|iPhone.Build.0 = Release|Any CPU
		{5E74D96B-C882-4130-BC2D-BDD016DE793E}.Release|iPhoneSimulator.ActiveCfg = Release|Any CPU
		{5E74D96B-C882-4130-BC2D-BDD016DE793E}.Release|iPhoneSimulator.Build.0 = Release|Any CPU
		{5E74D96B-C882-4130-BC2D-BDD016DE793E}.Release|x64.ActiveCfg = Release|Any CPU
		{5E74D96B-C882-4130-BC2D-BDD016DE793E}.Release|x64.Build.0 = Release|Any CPU
		{5E74D96B-C882-4130-BC2D-BDD016DE793E}.Release|x86.ActiveCfg = Release|Any CPU
		{5E74D96B-C882-4130-BC2D-BDD016DE793E}.Release|x86.Build.0 = Release|Any CPU
		{18910350-5EF3-4CC1-ADBD-BBCB2BE86579}.Ad-Hoc|Any CPU.ActiveCfg = Debug|Any CPU
		{18910350-5EF3-4CC1-ADBD-BBCB2BE86579}.Ad-Hoc|Any CPU.Build.0 = Debug|Any CPU
		{18910350-5EF3-4CC1-ADBD-BBCB2BE86579}.Ad-Hoc|ARM.ActiveCfg = Debug|Any CPU
		{18910350-5EF3-4CC1-ADBD-BBCB2BE86579}.Ad-Hoc|ARM.Build.0 = Debug|Any CPU
		{18910350-5EF3-4CC1-ADBD-BBCB2BE86579}.Ad-Hoc|iPhone.ActiveCfg = Debug|Any CPU
		{18910350-5EF3-4CC1-ADBD-BBCB2BE86579}.Ad-Hoc|iPhone.Build.0 = Debug|Any CPU
		{18910350-5EF3-4CC1-ADBD-BBCB2BE86579}.Ad-Hoc|iPhoneSimulator.ActiveCfg = Debug|Any CPU
		{18910350-5EF3-4CC1-ADBD-BBCB2BE86579}.Ad-Hoc|iPhoneSimulator.Build.0 = Debug|Any CPU
		{18910350-5EF3-4CC1-ADBD-BBCB2BE86579}.Ad-Hoc|x64.ActiveCfg = Debug|Any CPU
		{18910350-5EF3-4CC1-ADBD-BBCB2BE86579}.Ad-Hoc|x64.Build.0 = Debug|Any CPU
		{18910350-5EF3-4CC1-ADBD-BBCB2BE86579}.Ad-Hoc|x86.ActiveCfg = Debug|Any CPU
		{18910350-5EF3-4CC1-ADBD-BBCB2BE86579}.Ad-Hoc|x86.Build.0 = Debug|Any CPU
		{18910350-5EF3-4CC1-ADBD-BBCB2BE86579}.AppStore|Any CPU.ActiveCfg = Debug|Any CPU
		{18910350-5EF3-4CC1-ADBD-BBCB2BE86579}.AppStore|Any CPU.Build.0 = Debug|Any CPU
		{18910350-5EF3-4CC1-ADBD-BBCB2BE86579}.AppStore|ARM.ActiveCfg = Debug|Any CPU
		{18910350-5EF3-4CC1-ADBD-BBCB2BE86579}.AppStore|ARM.Build.0 = Debug|Any CPU
		{18910350-5EF3-4CC1-ADBD-BBCB2BE86579}.AppStore|iPhone.ActiveCfg = Debug|Any CPU
		{18910350-5EF3-4CC1-ADBD-BBCB2BE86579}.AppStore|iPhone.Build.0 = Debug|Any CPU
		{18910350-5EF3-4CC1-ADBD-BBCB2BE86579}.AppStore|iPhoneSimulator.ActiveCfg = Debug|Any CPU
		{18910350-5EF3-4CC1-ADBD-BBCB2BE86579}.AppStore|iPhoneSimulator.Build.0 = Debug|Any CPU
		{18910350-5EF3-4CC1-ADBD-BBCB2BE86579}.AppStore|x64.ActiveCfg = Debug|Any CPU
		{18910350-5EF3-4CC1-ADBD-BBCB2BE86579}.AppStore|x64.Build.0 = Debug|Any CPU
		{18910350-5EF3-4CC1-ADBD-BBCB2BE86579}.AppStore|x86.ActiveCfg = Debug|Any CPU
		{18910350-5EF3-4CC1-ADBD-BBCB2BE86579}.AppStore|x86.Build.0 = Debug|Any CPU
		{18910350-5EF3-4CC1-ADBD-BBCB2BE86579}.Debug|Any CPU.ActiveCfg = Debug|Any CPU
		{18910350-5EF3-4CC1-ADBD-BBCB2BE86579}.Debug|Any CPU.Build.0 = Debug|Any CPU
		{18910350-5EF3-4CC1-ADBD-BBCB2BE86579}.Debug|ARM.ActiveCfg = Debug|Any CPU
		{18910350-5EF3-4CC1-ADBD-BBCB2BE86579}.Debug|ARM.Build.0 = Debug|Any CPU
		{18910350-5EF3-4CC1-ADBD-BBCB2BE86579}.Debug|iPhone.ActiveCfg = Debug|Any CPU
		{18910350-5EF3-4CC1-ADBD-BBCB2BE86579}.Debug|iPhone.Build.0 = Debug|Any CPU
		{18910350-5EF3-4CC1-ADBD-BBCB2BE86579}.Debug|iPhoneSimulator.ActiveCfg = Debug|Any CPU
		{18910350-5EF3-4CC1-ADBD-BBCB2BE86579}.Debug|iPhoneSimulator.Build.0 = Debug|Any CPU
		{18910350-5EF3-4CC1-ADBD-BBCB2BE86579}.Debug|x64.ActiveCfg = Debug|Any CPU
		{18910350-5EF3-4CC1-ADBD-BBCB2BE86579}.Debug|x64.Build.0 = Debug|Any CPU
		{18910350-5EF3-4CC1-ADBD-BBCB2BE86579}.Debug|x86.ActiveCfg = Debug|Any CPU
		{18910350-5EF3-4CC1-ADBD-BBCB2BE86579}.Debug|x86.Build.0 = Debug|Any CPU
		{18910350-5EF3-4CC1-ADBD-BBCB2BE86579}.Release|Any CPU.ActiveCfg = Release|Any CPU
		{18910350-5EF3-4CC1-ADBD-BBCB2BE86579}.Release|Any CPU.Build.0 = Release|Any CPU
		{18910350-5EF3-4CC1-ADBD-BBCB2BE86579}.Release|ARM.ActiveCfg = Release|Any CPU
		{18910350-5EF3-4CC1-ADBD-BBCB2BE86579}.Release|ARM.Build.0 = Release|Any CPU
		{18910350-5EF3-4CC1-ADBD-BBCB2BE86579}.Release|iPhone.ActiveCfg = Release|Any CPU
		{18910350-5EF3-4CC1-ADBD-BBCB2BE86579}.Release|iPhone.Build.0 = Release|Any CPU
		{18910350-5EF3-4CC1-ADBD-BBCB2BE86579}.Release|iPhoneSimulator.ActiveCfg = Release|Any CPU
		{18910350-5EF3-4CC1-ADBD-BBCB2BE86579}.Release|iPhoneSimulator.Build.0 = Release|Any CPU
		{18910350-5EF3-4CC1-ADBD-BBCB2BE86579}.Release|x64.ActiveCfg = Release|Any CPU
		{18910350-5EF3-4CC1-ADBD-BBCB2BE86579}.Release|x64.Build.0 = Release|Any CPU
		{18910350-5EF3-4CC1-ADBD-BBCB2BE86579}.Release|x86.ActiveCfg = Release|Any CPU
		{18910350-5EF3-4CC1-ADBD-BBCB2BE86579}.Release|x86.Build.0 = Release|Any CPU
		{5E835A6D-FA54-4903-AD0F-D5949F69CEAC}.Ad-Hoc|Any CPU.ActiveCfg = Debug|Any CPU
		{5E835A6D-FA54-4903-AD0F-D5949F69CEAC}.Ad-Hoc|Any CPU.Build.0 = Debug|Any CPU
		{5E835A6D-FA54-4903-AD0F-D5949F69CEAC}.Ad-Hoc|ARM.ActiveCfg = Debug|Any CPU
		{5E835A6D-FA54-4903-AD0F-D5949F69CEAC}.Ad-Hoc|ARM.Build.0 = Debug|Any CPU
		{5E835A6D-FA54-4903-AD0F-D5949F69CEAC}.Ad-Hoc|iPhone.ActiveCfg = Debug|Any CPU
		{5E835A6D-FA54-4903-AD0F-D5949F69CEAC}.Ad-Hoc|iPhone.Build.0 = Debug|Any CPU
		{5E835A6D-FA54-4903-AD0F-D5949F69CEAC}.Ad-Hoc|iPhoneSimulator.ActiveCfg = Debug|Any CPU
		{5E835A6D-FA54-4903-AD0F-D5949F69CEAC}.Ad-Hoc|iPhoneSimulator.Build.0 = Debug|Any CPU
		{5E835A6D-FA54-4903-AD0F-D5949F69CEAC}.Ad-Hoc|x64.ActiveCfg = Debug|Any CPU
		{5E835A6D-FA54-4903-AD0F-D5949F69CEAC}.Ad-Hoc|x64.Build.0 = Debug|Any CPU
		{5E835A6D-FA54-4903-AD0F-D5949F69CEAC}.Ad-Hoc|x86.ActiveCfg = Debug|Any CPU
		{5E835A6D-FA54-4903-AD0F-D5949F69CEAC}.Ad-Hoc|x86.Build.0 = Debug|Any CPU
		{5E835A6D-FA54-4903-AD0F-D5949F69CEAC}.AppStore|Any CPU.ActiveCfg = Debug|Any CPU
		{5E835A6D-FA54-4903-AD0F-D5949F69CEAC}.AppStore|Any CPU.Build.0 = Debug|Any CPU
		{5E835A6D-FA54-4903-AD0F-D5949F69CEAC}.AppStore|ARM.ActiveCfg = Debug|Any CPU
		{5E835A6D-FA54-4903-AD0F-D5949F69CEAC}.AppStore|ARM.Build.0 = Debug|Any CPU
		{5E835A6D-FA54-4903-AD0F-D5949F69CEAC}.AppStore|iPhone.ActiveCfg = Debug|Any CPU
		{5E835A6D-FA54-4903-AD0F-D5949F69CEAC}.AppStore|iPhone.Build.0 = Debug|Any CPU
		{5E835A6D-FA54-4903-AD0F-D5949F69CEAC}.AppStore|iPhoneSimulator.ActiveCfg = Debug|Any CPU
		{5E835A6D-FA54-4903-AD0F-D5949F69CEAC}.AppStore|iPhoneSimulator.Build.0 = Debug|Any CPU
		{5E835A6D-FA54-4903-AD0F-D5949F69CEAC}.AppStore|x64.ActiveCfg = Debug|Any CPU
		{5E835A6D-FA54-4903-AD0F-D5949F69CEAC}.AppStore|x64.Build.0 = Debug|Any CPU
		{5E835A6D-FA54-4903-AD0F-D5949F69CEAC}.AppStore|x86.ActiveCfg = Debug|Any CPU
		{5E835A6D-FA54-4903-AD0F-D5949F69CEAC}.AppStore|x86.Build.0 = Debug|Any CPU
		{5E835A6D-FA54-4903-AD0F-D5949F69CEAC}.Debug|Any CPU.ActiveCfg = Debug|Any CPU
		{5E835A6D-FA54-4903-AD0F-D5949F69CEAC}.Debug|Any CPU.Build.0 = Debug|Any CPU
		{5E835A6D-FA54-4903-AD0F-D5949F69CEAC}.Debug|ARM.ActiveCfg = Debug|Any CPU
		{5E835A6D-FA54-4903-AD0F-D5949F69CEAC}.Debug|ARM.Build.0 = Debug|Any CPU
		{5E835A6D-FA54-4903-AD0F-D5949F69CEAC}.Debug|iPhone.ActiveCfg = Debug|Any CPU
		{5E835A6D-FA54-4903-AD0F-D5949F69CEAC}.Debug|iPhone.Build.0 = Debug|Any CPU
		{5E835A6D-FA54-4903-AD0F-D5949F69CEAC}.Debug|iPhoneSimulator.ActiveCfg = Debug|Any CPU
		{5E835A6D-FA54-4903-AD0F-D5949F69CEAC}.Debug|iPhoneSimulator.Build.0 = Debug|Any CPU
		{5E835A6D-FA54-4903-AD0F-D5949F69CEAC}.Debug|x64.ActiveCfg = Debug|Any CPU
		{5E835A6D-FA54-4903-AD0F-D5949F69CEAC}.Debug|x64.Build.0 = Debug|Any CPU
		{5E835A6D-FA54-4903-AD0F-D5949F69CEAC}.Debug|x86.ActiveCfg = Debug|Any CPU
		{5E835A6D-FA54-4903-AD0F-D5949F69CEAC}.Debug|x86.Build.0 = Debug|Any CPU
		{5E835A6D-FA54-4903-AD0F-D5949F69CEAC}.Release|Any CPU.ActiveCfg = Release|Any CPU
		{5E835A6D-FA54-4903-AD0F-D5949F69CEAC}.Release|Any CPU.Build.0 = Release|Any CPU
		{5E835A6D-FA54-4903-AD0F-D5949F69CEAC}.Release|ARM.ActiveCfg = Release|Any CPU
		{5E835A6D-FA54-4903-AD0F-D5949F69CEAC}.Release|ARM.Build.0 = Release|Any CPU
		{5E835A6D-FA54-4903-AD0F-D5949F69CEAC}.Release|iPhone.ActiveCfg = Release|Any CPU
		{5E835A6D-FA54-4903-AD0F-D5949F69CEAC}.Release|iPhone.Build.0 = Release|Any CPU
		{5E835A6D-FA54-4903-AD0F-D5949F69CEAC}.Release|iPhoneSimulator.ActiveCfg = Release|Any CPU
		{5E835A6D-FA54-4903-AD0F-D5949F69CEAC}.Release|iPhoneSimulator.Build.0 = Release|Any CPU
		{5E835A6D-FA54-4903-AD0F-D5949F69CEAC}.Release|x64.ActiveCfg = Release|Any CPU
		{5E835A6D-FA54-4903-AD0F-D5949F69CEAC}.Release|x64.Build.0 = Release|Any CPU
		{5E835A6D-FA54-4903-AD0F-D5949F69CEAC}.Release|x86.ActiveCfg = Release|Any CPU
		{5E835A6D-FA54-4903-AD0F-D5949F69CEAC}.Release|x86.Build.0 = Release|Any CPU
		{FA18FBE8-F38A-4476-9BD6-2FB6BB7F3C65}.Ad-Hoc|Any CPU.ActiveCfg = Debug|Any CPU
		{FA18FBE8-F38A-4476-9BD6-2FB6BB7F3C65}.Ad-Hoc|Any CPU.Build.0 = Debug|Any CPU
		{FA18FBE8-F38A-4476-9BD6-2FB6BB7F3C65}.Ad-Hoc|ARM.ActiveCfg = Debug|Any CPU
		{FA18FBE8-F38A-4476-9BD6-2FB6BB7F3C65}.Ad-Hoc|ARM.Build.0 = Debug|Any CPU
		{FA18FBE8-F38A-4476-9BD6-2FB6BB7F3C65}.Ad-Hoc|iPhone.ActiveCfg = Debug|Any CPU
		{FA18FBE8-F38A-4476-9BD6-2FB6BB7F3C65}.Ad-Hoc|iPhone.Build.0 = Debug|Any CPU
		{FA18FBE8-F38A-4476-9BD6-2FB6BB7F3C65}.Ad-Hoc|iPhoneSimulator.ActiveCfg = Debug|Any CPU
		{FA18FBE8-F38A-4476-9BD6-2FB6BB7F3C65}.Ad-Hoc|iPhoneSimulator.Build.0 = Debug|Any CPU
		{FA18FBE8-F38A-4476-9BD6-2FB6BB7F3C65}.Ad-Hoc|x64.ActiveCfg = Debug|Any CPU
		{FA18FBE8-F38A-4476-9BD6-2FB6BB7F3C65}.Ad-Hoc|x64.Build.0 = Debug|Any CPU
		{FA18FBE8-F38A-4476-9BD6-2FB6BB7F3C65}.Ad-Hoc|x86.ActiveCfg = Debug|Any CPU
		{FA18FBE8-F38A-4476-9BD6-2FB6BB7F3C65}.Ad-Hoc|x86.Build.0 = Debug|Any CPU
		{FA18FBE8-F38A-4476-9BD6-2FB6BB7F3C65}.AppStore|Any CPU.ActiveCfg = Debug|Any CPU
		{FA18FBE8-F38A-4476-9BD6-2FB6BB7F3C65}.AppStore|Any CPU.Build.0 = Debug|Any CPU
		{FA18FBE8-F38A-4476-9BD6-2FB6BB7F3C65}.AppStore|ARM.ActiveCfg = Debug|Any CPU
		{FA18FBE8-F38A-4476-9BD6-2FB6BB7F3C65}.AppStore|ARM.Build.0 = Debug|Any CPU
		{FA18FBE8-F38A-4476-9BD6-2FB6BB7F3C65}.AppStore|iPhone.ActiveCfg = Debug|Any CPU
		{FA18FBE8-F38A-4476-9BD6-2FB6BB7F3C65}.AppStore|iPhone.Build.0 = Debug|Any CPU
		{FA18FBE8-F38A-4476-9BD6-2FB6BB7F3C65}.AppStore|iPhoneSimulator.ActiveCfg = Debug|Any CPU
		{FA18FBE8-F38A-4476-9BD6-2FB6BB7F3C65}.AppStore|iPhoneSimulator.Build.0 = Debug|Any CPU
		{FA18FBE8-F38A-4476-9BD6-2FB6BB7F3C65}.AppStore|x64.ActiveCfg = Debug|Any CPU
		{FA18FBE8-F38A-4476-9BD6-2FB6BB7F3C65}.AppStore|x64.Build.0 = Debug|Any CPU
		{FA18FBE8-F38A-4476-9BD6-2FB6BB7F3C65}.AppStore|x86.ActiveCfg = Debug|Any CPU
		{FA18FBE8-F38A-4476-9BD6-2FB6BB7F3C65}.AppStore|x86.Build.0 = Debug|Any CPU
		{FA18FBE8-F38A-4476-9BD6-2FB6BB7F3C65}.Debug|Any CPU.ActiveCfg = Debug|Any CPU
		{FA18FBE8-F38A-4476-9BD6-2FB6BB7F3C65}.Debug|Any CPU.Build.0 = Debug|Any CPU
		{FA18FBE8-F38A-4476-9BD6-2FB6BB7F3C65}.Debug|ARM.ActiveCfg = Debug|Any CPU
		{FA18FBE8-F38A-4476-9BD6-2FB6BB7F3C65}.Debug|ARM.Build.0 = Debug|Any CPU
		{FA18FBE8-F38A-4476-9BD6-2FB6BB7F3C65}.Debug|iPhone.ActiveCfg = Debug|Any CPU
		{FA18FBE8-F38A-4476-9BD6-2FB6BB7F3C65}.Debug|iPhone.Build.0 = Debug|Any CPU
		{FA18FBE8-F38A-4476-9BD6-2FB6BB7F3C65}.Debug|iPhoneSimulator.ActiveCfg = Debug|Any CPU
		{FA18FBE8-F38A-4476-9BD6-2FB6BB7F3C65}.Debug|iPhoneSimulator.Build.0 = Debug|Any CPU
		{FA18FBE8-F38A-4476-9BD6-2FB6BB7F3C65}.Debug|x64.ActiveCfg = Debug|Any CPU
		{FA18FBE8-F38A-4476-9BD6-2FB6BB7F3C65}.Debug|x64.Build.0 = Debug|Any CPU
		{FA18FBE8-F38A-4476-9BD6-2FB6BB7F3C65}.Debug|x86.ActiveCfg = Debug|Any CPU
		{FA18FBE8-F38A-4476-9BD6-2FB6BB7F3C65}.Debug|x86.Build.0 = Debug|Any CPU
		{FA18FBE8-F38A-4476-9BD6-2FB6BB7F3C65}.Release|Any CPU.ActiveCfg = Release|Any CPU
		{FA18FBE8-F38A-4476-9BD6-2FB6BB7F3C65}.Release|Any CPU.Build.0 = Release|Any CPU
		{FA18FBE8-F38A-4476-9BD6-2FB6BB7F3C65}.Release|ARM.ActiveCfg = Release|Any CPU
		{FA18FBE8-F38A-4476-9BD6-2FB6BB7F3C65}.Release|ARM.Build.0 = Release|Any CPU
		{FA18FBE8-F38A-4476-9BD6-2FB6BB7F3C65}.Release|iPhone.ActiveCfg = Release|Any CPU
		{FA18FBE8-F38A-4476-9BD6-2FB6BB7F3C65}.Release|iPhone.Build.0 = Release|Any CPU
		{FA18FBE8-F38A-4476-9BD6-2FB6BB7F3C65}.Release|iPhoneSimulator.ActiveCfg = Release|Any CPU
		{FA18FBE8-F38A-4476-9BD6-2FB6BB7F3C65}.Release|iPhoneSimulator.Build.0 = Release|Any CPU
		{FA18FBE8-F38A-4476-9BD6-2FB6BB7F3C65}.Release|x64.ActiveCfg = Release|Any CPU
		{FA18FBE8-F38A-4476-9BD6-2FB6BB7F3C65}.Release|x64.Build.0 = Release|Any CPU
		{FA18FBE8-F38A-4476-9BD6-2FB6BB7F3C65}.Release|x86.ActiveCfg = Release|Any CPU
		{FA18FBE8-F38A-4476-9BD6-2FB6BB7F3C65}.Release|x86.Build.0 = Release|Any CPU
		{11CE7698-37C4-4D76-8B7F-3E2BDE7BDC60}.Ad-Hoc|Any CPU.ActiveCfg = Debug|Any CPU
		{11CE7698-37C4-4D76-8B7F-3E2BDE7BDC60}.Ad-Hoc|Any CPU.Build.0 = Debug|Any CPU
		{11CE7698-37C4-4D76-8B7F-3E2BDE7BDC60}.Ad-Hoc|ARM.ActiveCfg = Debug|Any CPU
		{11CE7698-37C4-4D76-8B7F-3E2BDE7BDC60}.Ad-Hoc|ARM.Build.0 = Debug|Any CPU
		{11CE7698-37C4-4D76-8B7F-3E2BDE7BDC60}.Ad-Hoc|iPhone.ActiveCfg = Debug|Any CPU
		{11CE7698-37C4-4D76-8B7F-3E2BDE7BDC60}.Ad-Hoc|iPhone.Build.0 = Debug|Any CPU
		{11CE7698-37C4-4D76-8B7F-3E2BDE7BDC60}.Ad-Hoc|iPhoneSimulator.ActiveCfg = Debug|Any CPU
		{11CE7698-37C4-4D76-8B7F-3E2BDE7BDC60}.Ad-Hoc|iPhoneSimulator.Build.0 = Debug|Any CPU
		{11CE7698-37C4-4D76-8B7F-3E2BDE7BDC60}.Ad-Hoc|x64.ActiveCfg = Debug|Any CPU
		{11CE7698-37C4-4D76-8B7F-3E2BDE7BDC60}.Ad-Hoc|x64.Build.0 = Debug|Any CPU
		{11CE7698-37C4-4D76-8B7F-3E2BDE7BDC60}.Ad-Hoc|x86.ActiveCfg = Debug|Any CPU
		{11CE7698-37C4-4D76-8B7F-3E2BDE7BDC60}.Ad-Hoc|x86.Build.0 = Debug|Any CPU
		{11CE7698-37C4-4D76-8B7F-3E2BDE7BDC60}.AppStore|Any CPU.ActiveCfg = Debug|Any CPU
		{11CE7698-37C4-4D76-8B7F-3E2BDE7BDC60}.AppStore|Any CPU.Build.0 = Debug|Any CPU
		{11CE7698-37C4-4D76-8B7F-3E2BDE7BDC60}.AppStore|ARM.ActiveCfg = Debug|Any CPU
		{11CE7698-37C4-4D76-8B7F-3E2BDE7BDC60}.AppStore|ARM.Build.0 = Debug|Any CPU
		{11CE7698-37C4-4D76-8B7F-3E2BDE7BDC60}.AppStore|iPhone.ActiveCfg = Debug|Any CPU
		{11CE7698-37C4-4D76-8B7F-3E2BDE7BDC60}.AppStore|iPhone.Build.0 = Debug|Any CPU
		{11CE7698-37C4-4D76-8B7F-3E2BDE7BDC60}.AppStore|iPhoneSimulator.ActiveCfg = Debug|Any CPU
		{11CE7698-37C4-4D76-8B7F-3E2BDE7BDC60}.AppStore|iPhoneSimulator.Build.0 = Debug|Any CPU
		{11CE7698-37C4-4D76-8B7F-3E2BDE7BDC60}.AppStore|x64.ActiveCfg = Debug|Any CPU
		{11CE7698-37C4-4D76-8B7F-3E2BDE7BDC60}.AppStore|x64.Build.0 = Debug|Any CPU
		{11CE7698-37C4-4D76-8B7F-3E2BDE7BDC60}.AppStore|x86.ActiveCfg = Debug|Any CPU
		{11CE7698-37C4-4D76-8B7F-3E2BDE7BDC60}.AppStore|x86.Build.0 = Debug|Any CPU
		{11CE7698-37C4-4D76-8B7F-3E2BDE7BDC60}.Debug|Any CPU.ActiveCfg = Debug|Any CPU
		{11CE7698-37C4-4D76-8B7F-3E2BDE7BDC60}.Debug|Any CPU.Build.0 = Debug|Any CPU
		{11CE7698-37C4-4D76-8B7F-3E2BDE7BDC60}.Debug|ARM.ActiveCfg = Debug|Any CPU
		{11CE7698-37C4-4D76-8B7F-3E2BDE7BDC60}.Debug|ARM.Build.0 = Debug|Any CPU
		{11CE7698-37C4-4D76-8B7F-3E2BDE7BDC60}.Debug|iPhone.ActiveCfg = Debug|Any CPU
		{11CE7698-37C4-4D76-8B7F-3E2BDE7BDC60}.Debug|iPhone.Build.0 = Debug|Any CPU
		{11CE7698-37C4-4D76-8B7F-3E2BDE7BDC60}.Debug|iPhoneSimulator.ActiveCfg = Debug|Any CPU
		{11CE7698-37C4-4D76-8B7F-3E2BDE7BDC60}.Debug|iPhoneSimulator.Build.0 = Debug|Any CPU
		{11CE7698-37C4-4D76-8B7F-3E2BDE7BDC60}.Debug|x64.ActiveCfg = Debug|Any CPU
		{11CE7698-37C4-4D76-8B7F-3E2BDE7BDC60}.Debug|x64.Build.0 = Debug|Any CPU
		{11CE7698-37C4-4D76-8B7F-3E2BDE7BDC60}.Debug|x86.ActiveCfg = Debug|Any CPU
		{11CE7698-37C4-4D76-8B7F-3E2BDE7BDC60}.Debug|x86.Build.0 = Debug|Any CPU
		{11CE7698-37C4-4D76-8B7F-3E2BDE7BDC60}.Release|Any CPU.ActiveCfg = Release|Any CPU
		{11CE7698-37C4-4D76-8B7F-3E2BDE7BDC60}.Release|Any CPU.Build.0 = Release|Any CPU
		{11CE7698-37C4-4D76-8B7F-3E2BDE7BDC60}.Release|ARM.ActiveCfg = Release|Any CPU
		{11CE7698-37C4-4D76-8B7F-3E2BDE7BDC60}.Release|ARM.Build.0 = Release|Any CPU
		{11CE7698-37C4-4D76-8B7F-3E2BDE7BDC60}.Release|iPhone.ActiveCfg = Release|Any CPU
		{11CE7698-37C4-4D76-8B7F-3E2BDE7BDC60}.Release|iPhone.Build.0 = Release|Any CPU
		{11CE7698-37C4-4D76-8B7F-3E2BDE7BDC60}.Release|iPhoneSimulator.ActiveCfg = Release|Any CPU
		{11CE7698-37C4-4D76-8B7F-3E2BDE7BDC60}.Release|iPhoneSimulator.Build.0 = Release|Any CPU
		{11CE7698-37C4-4D76-8B7F-3E2BDE7BDC60}.Release|x64.ActiveCfg = Release|Any CPU
		{11CE7698-37C4-4D76-8B7F-3E2BDE7BDC60}.Release|x64.Build.0 = Release|Any CPU
		{11CE7698-37C4-4D76-8B7F-3E2BDE7BDC60}.Release|x86.ActiveCfg = Release|Any CPU
		{11CE7698-37C4-4D76-8B7F-3E2BDE7BDC60}.Release|x86.Build.0 = Release|Any CPU
	EndGlobalSection
	GlobalSection(SolutionProperties) = preSolution
		HideSolutionNode = FALSE
	EndGlobalSection
	GlobalSection(ExtensibilityGlobals) = postSolution
		SolutionGuid = {2C6DBD8C-A9FB-481E-B254-F3A57B540006}
	EndGlobalSection
EndGlobal
